
Microsoft Visual Studio Solution File, Format Version 12.00
# Visual Studio 2015
Project("{FAE04EC0-301F-11D3-BF4B-00C04F79EFBC}") = "Sniper.CSharp.Plugins", "Sniper.CSharp.Plugins.csproj", "{24405B18-6F00-85D3-4F29-E3CDE7F03CC6}"
EndProject
Project("{FAE04EC0-301F-11D3-BF4B-00C04F79EFBC}") = "Sniper.CSharp", "Sniper.CSharp.csproj", "{E71AAC12-2432-C11C-A8CA-FD30F8717B70}"
EndProject
Project("{FAE04EC0-301F-11D3-BF4B-00C04F79EFBC}") = "Sniper.CSharp.Editor", "Sniper.CSharp.Editor.csproj", "{CDC0B47E-3726-3756-5B41-6837EC2AE404}"
EndProject
Global
	GlobalSection(SolutionConfigurationPlatforms) = preSolution
		Debug|Any CPU = Debug|Any CPU
		Release|Any CPU = Release|Any CPU
	EndGlobalSection
	GlobalSection(ProjectConfigurationPlatforms) = postSolution
		{24405B18-6F00-85D3-4F29-E3CDE7F03CC6}.Debug|Any CPU.ActiveCfg = Debug|Any CPU
		{24405B18-6F00-85D3-4F29-E3CDE7F03CC6}.Debug|Any CPU.Build.0 = Debug|Any CPU
		{24405B18-6F00-85D3-4F29-E3CDE7F03CC6}.Release|Any CPU.ActiveCfg = Release|Any CPU
		{24405B18-6F00-85D3-4F29-E3CDE7F03CC6}.Release|Any CPU.Build.0 = Release|Any CPU
		{E71AAC12-2432-C11C-A8CA-FD30F8717B70}.Debug|Any CPU.ActiveCfg = Debug|Any CPU
		{E71AAC12-2432-C11C-A8CA-FD30F8717B70}.Debug|Any CPU.Build.0 = Debug|Any CPU
		{E71AAC12-2432-C11C-A8CA-FD30F8717B70}.Release|Any CPU.ActiveCfg = Release|Any CPU
		{E71AAC12-2432-C11C-A8CA-FD30F8717B70}.Release|Any CPU.Build.0 = Release|Any CPU
		{CDC0B47E-3726-3756-5B41-6837EC2AE404}.Debug|Any CPU.ActiveCfg = Debug|Any CPU
		{CDC0B47E-3726-3756-5B41-6837EC2AE404}.Debug|Any CPU.Build.0 = Debug|Any CPU
		{CDC0B47E-3726-3756-5B41-6837EC2AE404}.Release|Any CPU.ActiveCfg = Release|Any CPU
		{CDC0B47E-3726-3756-5B41-6837EC2AE404}.Release|Any CPU.Build.0 = Release|Any CPU
	EndGlobalSection
	GlobalSection(SolutionProperties) = preSolution
		HideSolutionNode = FALSE
	EndGlobalSection
EndGlobal
